
Microsoft Visual Studio Solution File, Format Version 12.00
# Visual Studio Version 17
VisualStudioVersion = 17.11.35312.102
MinimumVisualStudioVersion = 10.0.40219.1
Project("{FAE04EC0-301F-11D3-BF4B-00C04F79EFBC}") = "EEI4346_LAB_TEST_01_WE_S23010526", "EEI4346_LAB_TEST_01_WE_S23010526\EEI4346_LAB_TEST_01_WE_S23010526.csproj", "{6B5FA637-F93B-4EFA-A0DD-09DFA5AE0BCC}"
EndProject
Global
	GlobalSection(SolutionConfigurationPlatforms) = preSolution
		Debug|Any CPU = Debug|Any CPU
		Release|Any CPU = Release|Any CPU
	EndGlobalSection
	GlobalSection(ProjectConfigurationPlatforms) = postSolution
		{6B5FA637-F93B-4EFA-A0DD-09DFA5AE0BCC}.Debug|Any CPU.ActiveCfg = Debug|Any CPU
		{6B5FA637-F93B-4EFA-A0DD-09DFA5AE0BCC}.Debug|Any CPU.Build.0 = Debug|Any CPU
		{6B5FA637-F93B-4EFA-A0DD-09DFA5AE0BCC}.Release|Any CPU.ActiveCfg = Release|Any CPU
		{6B5FA637-F93B-4EFA-A0DD-09DFA5AE0BCC}.Release|Any CPU.Build.0 = Release|Any CPU
	EndGlobalSection
	GlobalSection(SolutionProperties) = preSolution
		HideSolutionNode = FALSE
	EndGlobalSection
	GlobalSection(ExtensibilityGlobals) = postSolution
		SolutionGuid = {43087847-C390-49BE-BF5A-8AF0F8494166}
	EndGlobalSection
EndGlobal
